{
    "_meta": {
        "hash": {
            "sha256": "09894463560ba95335a447ced826a79fbbcc2ec599fd6547b1d1545a4b52b10a"
        },
        "pipfile-spec": 6,
        "requires": {
            "python_version": "3"
        },
        "sources": [
            {
                "name": "pypi",
                "url": "https://pypi.org/simple",
                "verify_ssl": true
            }
        ]
    },
    "default": {
        "attrs": {
            "hashes": [
                "sha256:2d27e3784d7a565d36ab851fe94887c5eccd6a463168875832a1be79c82828b4",
                "sha256:626ba8234211db98e869df76230a137c4c40a12d72445c45d5f5b716f076e2fd"
            ],
            "markers": "python_version >= '2.7' and python_version not in '3.0, 3.1, 3.2, 3.3, 3.4'",
            "version": "==21.4.0"
        },
        "cattrs": {
            "hashes": [
                "sha256:94b67b64cf92c994f8784c40c082177dc916e0489a73a9a36b24eb18a9db40c6",
                "sha256:d55c477b4672f93606e992049f15d526dc7867e6c756cd6256d4af92e2b1e364"
            ],
            "markers": "python_version >= '3.7' and python_version < '4.0'",
            "version": "==22.1.0"
        },
        "cdk8s": {
            "hashes": [
                "sha256:a7286b36fb131942420184b00da42b477ea5ef4b0f79a91b843f45396daaf548",
                "sha256:f8296cb456ee315b1bd5c7562b13b52f45063820cb2450c2915501e8c641fcef"
            ],
            "index": "pypi",
            "version": "==2.3.73"
        },
        "cdk8s-metaflow": {
            "hashes": [
                "sha256:23ac37c65368cfd4b1de295aac71041d99a298af39f520ee0bd64d16aed73e50",
                "sha256:549b749121844e455e7c0ab9bdc5ad6735f564ffb6e1a5b87c0d31d33effcdac"
            ],
            "index": "pypi",
            "version": "==0.0.1"
        },
        "cdk8s-plus-22": {
            "hashes": [
                "sha256:8f84e992a8123574de55d8c2d2a04949aaa4180f2a459089efb2dcce67d0c82e",
                "sha256:b68a73e0d16dfd10b1482ed4accddb8dd9e533eceea5ba0961821b7f7c1eb089"
            ],
            "index": "pypi",
            "version": "==2.0.0rc70"
        },
        "constructs": {
            "hashes": [
                "sha256:3ee299cd58cd1468894e0a03443a3eb27b8a2f293d565a4229a82b4a989b12f7",
                "sha256:7df0560d82a7a323993a71d26da2a0e779603494a2121e7b5f6a45438c5fa515"
            ],
            "index": "pypi",
            "version": "==10.1.64"
        },
        "exceptiongroup": {
            "hashes": [
                "sha256:6990c24f06b8d33c8065cfe43e5e8a4bfa384e0358be036af9cc60b6321bd11a",
                "sha256:ab0a968e1ef769e55d9a596f4a89f7be9ffedbc9fdefdb77cc68cf5c33ce1035"
            ],
            "markers": "python_version < '3.11'",
            "version": "==1.0.0rc8"
        },
        "jsii": {
            "hashes": [
                "sha256:6f68dcd82395ccd12606b31383f611adfefd246082750350891a2a277562f34b",
                "sha256:ae8cbc84c633382c317dc367e1441bb2afd8b74ed82b3557b8df15e05316b14d"
            ],
            "markers": "python_version ~= '3.7'",
            "version": "==1.63.2"
        },
        "publication": {
            "hashes": [
                "sha256:0248885351febc11d8a1098d5c8e3ab2dabcf3e8c0c96db1e17ecd12b53afbe6",
                "sha256:68416a0de76dddcdd2930d1c8ef853a743cc96c82416c4e4d3b5d901c6276dc4"
            ],
            "version": "==0.0.3"
        },
        "python-dateutil": {
            "hashes": [
                "sha256:0123cacc1627ae19ddf3c27a5de5bd67ee4586fbdd6440d9748f8abb483d3e86",
                "sha256:961d03dc3453ebbc59dbdea9e4e11c5651520a876d0f4db161e8674aae935da9"
            ],
            "markers": "python_version >= '2.7' and python_version not in '3.0, 3.1, 3.2, 3.3'",
            "version": "==2.8.2"
        },
        "six": {
            "hashes": [
                "sha256:1e61c37477a1626458e36f7b1d82aa5c9b094fa4802892072e49de9c60c4c926",
                "sha256:8abb2f1d86890a2dfb989f9a77cfcfd3e47c2a354b01111771326f8aa26e0254"
            ],
            "markers": "python_version >= '2.7' and python_version not in '3.0, 3.1, 3.2, 3.3'",
            "version": "==1.16.0"
        },
        "typeguard": {
            "hashes": [
                "sha256:00edaa8da3a133674796cf5ea87d9f4b4c367d77476e185e80251cc13dfbb8c4",
                "sha256:5e3e3be01e887e7eafae5af63d1f36c849aaa94e3a0112097312aabfa16284f1"
            ],
            "markers": "python_full_version >= '3.5.3'",
            "version": "==2.13.3"
        },
        "typing-extensions": {
            "hashes": [
                "sha256:25642c956049920a5aa49edcdd6ab1e06d7e5d467fc00e0506c44ac86fbfca02",
                "sha256:e6d2677a32f47fc7eb2795db1dd15c1f34eff616bcaf2cfb5e997f854fa1c4a6"
            ],
            "markers": "python_version >= '3.7'",
            "version": "==4.3.0"
        }
    },
    "develop": {}
}
